{
  "requires": true,
  "lockfileVersion": 1,
  "dependencies": {
    "tronweb-typings": {
      "version": "1.0.1",
      "resolved": "https://registry.npmjs.org/tronweb-typings/-/tronweb-typings-1.0.1.tgz",
      "integrity": "sha512-Ajs6dsFo9gbOd96Q8UinyqapdqlKC8/bRQWQSQbFynnV40e1Uk5h/IRV+IuShoLhGZB33YCqIVNRUKjo/vU+5Q==",
      "dev": true
    }
  }
}
